lockfileVersion: '6.0'

settings:
  autoInstallPeers: true
  excludeLinksFromLockfile: false

devDependencies:
  prettier:
    specifier: ^3.2.4
    version: 3.2.4

packages:

  /prettier@3.2.4:
    resolution: {integrity: sha512-FWu1oLHKCrtpO1ypU6J0SbK2d9Ckwysq6bHj/uaCP26DxrPpppCLQRGVuqAxSTvhF00AcvDRyYrLNW7ocBhFFQ==}
    engines: {node: '>=14'}
    hasBin: true
    dev: true
